
Microsoft Visual Studio Solution File, Format Version 12.00
# Visual Studio Version 16
VisualStudioVersion = 16.0.29215.179
MinimumVisualStudioVersion = 10.0.40219.1
Project("{FAE04EC0-301F-11D3-BF4B-00C04F79EFBC}") = "QuanLyQuanCafe", "QuanLyQuanCafe\QuanLyQuanCafe.csproj", "{DCF5106A-23C6-4552-B6DD-D2B3511F4F7C}"
EndProject
Global
	GlobalSection(SolutionConfigurationPlatforms) = preSolution
		Debug|Any CPU = Debug|Any CPU
		Release|Any CPU = Release|Any CPU
	EndGlobalSection
	GlobalSection(ProjectConfigurationPlatforms) = postSolution
		{DCF5106A-23C6-4552-B6DD-D2B3511F4F7C}.Debug|Any CPU.ActiveCfg = Debug|Any CPU
		{DCF5106A-23C6-4552-B6DD-D2B3511F4F7C}.Debug|Any CPU.Build.0 = Debug|Any CPU
		{DCF5106A-23C6-4552-B6DD-D2B3511F4F7C}.Release|Any CPU.ActiveCfg = Release|Any CPU
		{DCF5106A-23C6-4552-B6DD-D2B3511F4F7C}.Release|Any CPU.Build.0 = Release|Any CPU
	EndGlobalSection
	GlobalSection(SolutionProperties) = preSolution
		HideSolutionNode = FALSE
	EndGlobalSection
	GlobalSection(ExtensibilityGlobals) = postSolution
		SolutionGuid = {90C28565-4742-4DB2-BB55-9461377DE886}
	EndGlobalSection
EndGlobal
